
Microsoft Visual Studio Solution File, Format Version 12.00
Project("{2150E333-8FDC-42A3-9474-1A3956D46DE8}") = "Services", "Services", "{D882BBBE-B5B9-4DDB-87C0-58DF5AC51338}"
EndProject
Project("{2150E333-8FDC-42A3-9474-1A3956D46DE8}") = "Catalog", "Catalog", "{766F847B-59E6-453A-833C-EBA6F42995F7}"
EndProject
Project("{FAE04EC0-301F-11D3-BF4B-00C04F79EFBC}") = "Catalog.API", "Services\Catalog\Catalog.API\Catalog.API.csproj", "{C898EC1F-CE7E-48A1-B5FA-A22DFB2E7B52}"
EndProject
Project("{FAE04EC0-301F-11D3-BF4B-00C04F79EFBC}") = "Catalog.Core", "Services\Catalog\Catalog.Core\Catalog.Core.csproj", "{35DA0583-BE3D-4F95-AFE9-E6CEBBE85A63}"
EndProject
Project("{FAE04EC0-301F-11D3-BF4B-00C04F79EFBC}") = "Catalog.Application", "Services\Catalog\Catalog.Application\Catalog.Application.csproj", "{A91F3500-A2CE-451C-BD63-35A5E939D433}"
EndProject
Project("{FAE04EC0-301F-11D3-BF4B-00C04F79EFBC}") = "Catalog.Infrastructure", "Services\Catalog\Catalog.Infrastructure\Catalog.Infrastructure.csproj", "{C08279B4-CB77-4193-9041-F74809695BFE}"
EndProject
Project("{E53339B2-1760-4266-BCC7-CA923CBCF16C}") = "docker-compose", "docker-compose.dcproj", "{A92412CF-0A07-452C-9DCF-EF3F436F8FA8}"
EndProject
Project("{2150E333-8FDC-42A3-9474-1A3956D46DE8}") = "Basket", "Basket", "{94C0C83E-B184-48F8-8991-D41388996BAD}"
EndProject
Project("{FAE04EC0-301F-11D3-BF4B-00C04F79EFBC}") = "Basket.Application", "Services\Basket\Basket.Application\Basket.Application.csproj", "{E3746C8C-CC8A-4873-AE2F-CFDDDC4D85BF}"
EndProject
Project("{FAE04EC0-301F-11D3-BF4B-00C04F79EFBC}") = "Basket.Core", "Services\Basket\Basket.Core\Basket.Core.csproj", "{2AD25B5F-6393-43F0-AACE-8C525505BD24}"
EndProject
Project("{FAE04EC0-301F-11D3-BF4B-00C04F79EFBC}") = "Basket.Infrastructure", "Services\Basket\Basket.Infrastructure\Basket.Infrastructure.csproj", "{15B1C45A-9373-40F7-9C29-F6FD5FF51660}"
EndProject
Project("{FAE04EC0-301F-11D3-BF4B-00C04F79EFBC}") = "Basket.API", "Services\Basket\Basket.API\Basket.API.csproj", "{8A366606-6AB8-4E5C-99FE-EDECC3D9AA2F}"
EndProject
Global
	GlobalSection(SolutionConfigurationPlatforms) = preSolution
		Debug|Any CPU = Debug|Any CPU
		Release|Any CPU = Release|Any CPU
	EndGlobalSection
	GlobalSection(NestedProjects) = preSolution
		{766F847B-59E6-453A-833C-EBA6F42995F7} = {D882BBBE-B5B9-4DDB-87C0-58DF5AC51338}
		{C898EC1F-CE7E-48A1-B5FA-A22DFB2E7B52} = {766F847B-59E6-453A-833C-EBA6F42995F7}
		{35DA0583-BE3D-4F95-AFE9-E6CEBBE85A63} = {766F847B-59E6-453A-833C-EBA6F42995F7}
		{A91F3500-A2CE-451C-BD63-35A5E939D433} = {766F847B-59E6-453A-833C-EBA6F42995F7}
		{C08279B4-CB77-4193-9041-F74809695BFE} = {766F847B-59E6-453A-833C-EBA6F42995F7}
		{94C0C83E-B184-48F8-8991-D41388996BAD} = {D882BBBE-B5B9-4DDB-87C0-58DF5AC51338}
		{E3746C8C-CC8A-4873-AE2F-CFDDDC4D85BF} = {94C0C83E-B184-48F8-8991-D41388996BAD}
		{2AD25B5F-6393-43F0-AACE-8C525505BD24} = {94C0C83E-B184-48F8-8991-D41388996BAD}
		{15B1C45A-9373-40F7-9C29-F6FD5FF51660} = {94C0C83E-B184-48F8-8991-D41388996BAD}
		{8A366606-6AB8-4E5C-99FE-EDECC3D9AA2F} = {94C0C83E-B184-48F8-8991-D41388996BAD}
	EndGlobalSection
	GlobalSection(ProjectConfigurationPlatforms) = postSolution
		{C898EC1F-CE7E-48A1-B5FA-A22DFB2E7B52}.Debug|Any CPU.ActiveCfg = Debug|Any CPU
		{C898EC1F-CE7E-48A1-B5FA-A22DFB2E7B52}.Debug|Any CPU.Build.0 = Debug|Any CPU
		{C898EC1F-CE7E-48A1-B5FA-A22DFB2E7B52}.Release|Any CPU.ActiveCfg = Release|Any CPU
		{C898EC1F-CE7E-48A1-B5FA-A22DFB2E7B52}.Release|Any CPU.Build.0 = Release|Any CPU
		{35DA0583-BE3D-4F95-AFE9-E6CEBBE85A63}.Debug|Any CPU.ActiveCfg = Debug|Any CPU
		{35DA0583-BE3D-4F95-AFE9-E6CEBBE85A63}.Debug|Any CPU.Build.0 = Debug|Any CPU
		{35DA0583-BE3D-4F95-AFE9-E6CEBBE85A63}.Release|Any CPU.ActiveCfg = Release|Any CPU
		{35DA0583-BE3D-4F95-AFE9-E6CEBBE85A63}.Release|Any CPU.Build.0 = Release|Any CPU
		{A91F3500-A2CE-451C-BD63-35A5E939D433}.Debug|Any CPU.ActiveCfg = Debug|Any CPU
		{A91F3500-A2CE-451C-BD63-35A5E939D433}.Debug|Any CPU.Build.0 = Debug|Any CPU
		{A91F3500-A2CE-451C-BD63-35A5E939D433}.Release|Any CPU.ActiveCfg = Release|Any CPU
		{A91F3500-A2CE-451C-BD63-35A5E939D433}.Release|Any CPU.Build.0 = Release|Any CPU
		{C08279B4-CB77-4193-9041-F74809695BFE}.Debug|Any CPU.ActiveCfg = Debug|Any CPU
		{C08279B4-CB77-4193-9041-F74809695BFE}.Debug|Any CPU.Build.0 = Debug|Any CPU
		{C08279B4-CB77-4193-9041-F74809695BFE}.Release|Any CPU.ActiveCfg = Release|Any CPU
		{C08279B4-CB77-4193-9041-F74809695BFE}.Release|Any CPU.Build.0 = Release|Any CPU
		{E3746C8C-CC8A-4873-AE2F-CFDDDC4D85BF}.Debug|Any CPU.ActiveCfg = Debug|Any CPU
		{E3746C8C-CC8A-4873-AE2F-CFDDDC4D85BF}.Debug|Any CPU.Build.0 = Debug|Any CPU
		{E3746C8C-CC8A-4873-AE2F-CFDDDC4D85BF}.Release|Any CPU.ActiveCfg = Release|Any CPU
		{E3746C8C-CC8A-4873-AE2F-CFDDDC4D85BF}.Release|Any CPU.Build.0 = Release|Any CPU
		{2AD25B5F-6393-43F0-AACE-8C525505BD24}.Debug|Any CPU.ActiveCfg = Debug|Any CPU
		{2AD25B5F-6393-43F0-AACE-8C525505BD24}.Debug|Any CPU.Build.0 = Debug|Any CPU
		{2AD25B5F-6393-43F0-AACE-8C525505BD24}.Release|Any CPU.ActiveCfg = Release|Any CPU
		{2AD25B5F-6393-43F0-AACE-8C525505BD24}.Release|Any CPU.Build.0 = Release|Any CPU
		{15B1C45A-9373-40F7-9C29-F6FD5FF51660}.Debug|Any CPU.ActiveCfg = Debug|Any CPU
		{15B1C45A-9373-40F7-9C29-F6FD5FF51660}.Debug|Any CPU.Build.0 = Debug|Any CPU
		{15B1C45A-9373-40F7-9C29-F6FD5FF51660}.Release|Any CPU.ActiveCfg = Release|Any CPU
		{15B1C45A-9373-40F7-9C29-F6FD5FF51660}.Release|Any CPU.Build.0 = Release|Any CPU
		{8A366606-6AB8-4E5C-99FE-EDECC3D9AA2F}.Debug|Any CPU.ActiveCfg = Debug|Any CPU
		{8A366606-6AB8-4E5C-99FE-EDECC3D9AA2F}.Debug|Any CPU.Build.0 = Debug|Any CPU
		{8A366606-6AB8-4E5C-99FE-EDECC3D9AA2F}.Release|Any CPU.ActiveCfg = Release|Any CPU
		{8A366606-6AB8-4E5C-99FE-EDECC3D9AA2F}.Release|Any CPU.Build.0 = Release|Any CPU
	EndGlobalSection
EndGlobal
